
Microsoft Visual Studio Solution File, Format Version 12.00
# Visual Studio Version 17
VisualStudioVersion = 17.0.31903.59
MinimumVisualStudioVersion = 10.0.40219.1
Project("{2150E333-8FDC-42A3-9474-1A3956D46DE8}") = "src-cs", "src-cs", "{2924C61A-5D7B-1D8B-8B98-D886664C3217}"
EndProject
Project("{FAE04EC0-301F-11D3-BF4B-00C04F79EFBC}") = "EukyreConsortium", "src-cs\EukyreConsortium.csproj", "{33C50FFF-E2E7-479E-8B4F-4A76375E541D}"
EndProject
Global
	GlobalSection(SolutionConfigurationPlatforms) = preSolution
		Debug|Any CPU = Debug|Any CPU
		Debug|x64 = Debug|x64
		Debug|x86 = Debug|x86
		Release|Any CPU = Release|Any CPU
		Release|x64 = Release|x64
		Release|x86 = Release|x86
	EndGlobalSection
	GlobalSection(ProjectConfigurationPlatforms) = postSolution
		{33C50FFF-E2E7-479E-8B4F-4A76375E541D}.Debug|Any CPU.ActiveCfg = Debug|Any CPU
		{33C50FFF-E2E7-479E-8B4F-4A76375E541D}.Debug|Any CPU.Build.0 = Debug|Any CPU
		{33C50FFF-E2E7-479E-8B4F-4A76375E541D}.Debug|x64.ActiveCfg = Debug|Any CPU
		{33C50FFF-E2E7-479E-8B4F-4A76375E541D}.Debug|x64.Build.0 = Debug|Any CPU
		{33C50FFF-E2E7-479E-8B4F-4A76375E541D}.Debug|x86.ActiveCfg = Debug|Any CPU
		{33C50FFF-E2E7-479E-8B4F-4A76375E541D}.Debug|x86.Build.0 = Debug|Any CPU
		{33C50FFF-E2E7-479E-8B4F-4A76375E541D}.Release|Any CPU.ActiveCfg = Release|Any CPU
		{33C50FFF-E2E7-479E-8B4F-4A76375E541D}.Release|Any CPU.Build.0 = Release|Any CPU
		{33C50FFF-E2E7-479E-8B4F-4A76375E541D}.Release|x64.ActiveCfg = Release|Any CPU
		{33C50FFF-E2E7-479E-8B4F-4A76375E541D}.Release|x64.Build.0 = Release|Any CPU
		{33C50FFF-E2E7-479E-8B4F-4A76375E541D}.Release|x86.ActiveCfg = Release|Any CPU
		{33C50FFF-E2E7-479E-8B4F-4A76375E541D}.Release|x86.Build.0 = Release|Any CPU
	EndGlobalSection
	GlobalSection(SolutionProperties) = preSolution
		HideSolutionNode = FALSE
	EndGlobalSection
	GlobalSection(NestedProjects) = preSolution
		{33C50FFF-E2E7-479E-8B4F-4A76375E541D} = {2924C61A-5D7B-1D8B-8B98-D886664C3217}
	EndGlobalSection
EndGlobal
